
Microsoft Visual Studio Solution File, Format Version 12.00
# Visual Studio Version 17
VisualStudioVersion = 17.6.33829.357
MinimumVisualStudioVersion = 10.0.40219.1
Project("{8BC9CEB8-8B4A-11D0-8D11-00A0C91BC942}") = "2ShellEncrypt", "ShellEncrypt\ShellEncrypt.vcxproj", "{3AA0F485-3DBD-4200-A967-E9FD360A03C9}"
EndProject
Project("{2150E333-8FDC-42A3-9474-1A3956D46DE8}") = "Solution Items", "Solution Items", "{DFCD4C00-6B98-40AD-A872-9A2936C217E3}"
	ProjectSection(SolutionItems) = preProject
		README.md = README.md
	EndProjectSection
EndProject
Global
	GlobalSection(SolutionConfigurationPlatforms) = preSolution
		Debug|x64 = Debug|x64
		Debug|x86 = Debug|x86
		Release|x64 = Release|x64
		Release|x86 = Release|x86
	EndGlobalSection
	GlobalSection(ProjectConfigurationPlatforms) = postSolution
		{3AA0F485-3DBD-4200-A967-E9FD360A03C9}.Debug|x64.ActiveCfg = Debug|x64
		{3AA0F485-3DBD-4200-A967-E9FD360A03C9}.Debug|x64.Build.0 = Debug|x64
		{3AA0F485-3DBD-4200-A967-E9FD360A03C9}.Debug|x86.ActiveCfg = Debug|Win32
		{3AA0F485-3DBD-4200-A967-E9FD360A03C9}.Debug|x86.Build.0 = Debug|Win32
		{3AA0F485-3DBD-4200-A967-E9FD360A03C9}.Release|x64.ActiveCfg = Release|x64
		{3AA0F485-3DBD-4200-A967-E9FD360A03C9}.Release|x64.Build.0 = Release|x64
		{3AA0F485-3DBD-4200-A967-E9FD360A03C9}.Release|x86.ActiveCfg = Release|Win32
		{3AA0F485-3DBD-4200-A967-E9FD360A03C9}.Release|x86.Build.0 = Release|Win32
	EndGlobalSection
	GlobalSection(SolutionProperties) = preSolution
		HideSolutionNode = FALSE
	EndGlobalSection
	GlobalSection(ExtensibilityGlobals) = postSolution
		SolutionGuid = {4D45DD78-9ACA-4924-8DD9-1457C1B6BB33}
	EndGlobalSection
EndGlobal
